// !$*UTF8*$!
{
	archiveVersion = 1;
	classes = {
	};
	objectVersion = 46;
	objects = {

/* Begin PBXBuildFile section */
		4C01CDA11EDA7FBE00C85D7D /* CLMNavigationController.m in Sources */ = {isa = PBXBuildFile; fileRef = 4C01CDA01EDA7FBE00C85D7D /* CLMNavigationController.m */; };
		4C0A34B21ED9508700C7E6A7 /* ColourMemory.xcdatamodeld in Sources */ = {isa = PBXBuildFile; fileRef = 4C0A34B01ED9508700C7E6A7 /* ColourMemory.xcdatamodeld */; };
		4C4185251ED8238700E51BEF /* AppDelegate.m in Sources */ = {isa = PBXBuildFile; fileRef = 4C4185241ED8238700E51BEF /* AppDelegate.m */; };
		4C41852B1ED8238800E51BEF /* Main.storyboard in Resources */ = {isa = PBXBuildFile; fileRef = 4C4185291ED8238800E51BEF /* Main.storyboard */; };
		4C41852D1ED8238800E51BEF /* Assets.xcassets in Resources */ = {isa = PBXBuildFile; fileRef = 4C41852C1ED8238800E51BEF /* Assets.xcassets */; };
		4C4185301ED8238800E51BEF /* LaunchScreen.storyboard in Resources */ = {isa = PBXBuildFile; fileRef = 4C41852E1ED8238800E51BEF /* LaunchScreen.storyboard */; };
		4C4185441ED826EB00E51BEF /* card_bg@2x.png in Resources */ = {isa = PBXBuildFile; fileRef = 4C4185381ED826EB00E51BEF /* card_bg@2x.png */; };
		4C4185451ED826EB00E51BEF /* colour1@2x.png in Resources */ = {isa = PBXBuildFile; fileRef = 4C4185391ED826EB00E51BEF /* colour1@2x.png */; };
		4C4185461ED826EB00E51BEF /* colour2@2x.png in Resources */ = {isa = PBXBuildFile; fileRef = 4C41853A1ED826EB00E51BEF /* colour2@2x.png */; };
		4C4185471ED826EB00E51BEF /* colour3@2x.png in Resources */ = {isa = PBXBuildFile; fileRef = 4C41853B1ED826EB00E51BEF /* colour3@2x.png */; };
		4C4185481ED826EB00E51BEF /* colour4@2x.png in Resources */ = {isa = PBXBuildFile; fileRef = 4C41853C1ED826EB00E51BEF /* colour4@2x.png */; };
		4C4185491ED826EB00E51BEF /* colour5@2x.png in Resources */ = {isa = PBXBuildFile; fileRef = 4C41853D1ED826EB00E51BEF /* colour5@2x.png */; };
		4C41854A1ED826EB00E51BEF /* colour6@2x.png in Resources */ = {isa = PBXBuildFile; fileRef = 4C41853E1ED826EB00E51BEF /* colour6@2x.png */; };
		4C41854B1ED826EB00E51BEF /* colour7@2x.png in Resources */ = {isa = PBXBuildFile; fileRef = 4C41853F1ED826EB00E51BEF /* colour7@2x.png */; };
		4C41854C1ED826EB00E51BEF /* colour8@2x.png in Resources */ = {isa = PBXBuildFile; fileRef = 4C4185401ED826EB00E51BEF /* colour8@2x.png */; };
		4C41854D1ED826EB00E51BEF /* icon_57x57@2x.png in Resources */ = {isa = PBXBuildFile; fileRef = 4C4185411ED826EB00E51BEF /* icon_57x57@2x.png */; };
		4C41854F1ED826EB00E51BEF /* logo@2x.png in Resources */ = {isa = PBXBuildFile; fileRef = 4C4185431ED826EB00E51BEF /* logo@2x.png */; };
		4C41855C1ED834CB00E51BEF /* UserEntity.m in Sources */ = {isa = PBXBuildFile; fileRef = 4C41855B1ED834CB00E51BEF /* UserEntity.m */; };
		4C41855F1ED84A7600E51BEF /* CardEntity.m in Sources */ = {isa = PBXBuildFile; fileRef = 4C41855E1ED84A7600E51BEF /* CardEntity.m */; };
		4C4185621ED8D94100E51BEF /* rank@2x.png in Resources */ = {isa = PBXBuildFile; fileRef = 4C4185601ED8D94100E51BEF /* rank@2x.png */; };
		4C4185631ED8D94100E51BEF /* Restart@2x.png in Resources */ = {isa = PBXBuildFile; fileRef = 4C4185611ED8D94100E51BEF /* Restart@2x.png */; };
		4C4185CF1ED91BFA00E51BEF /* main.m in Sources */ = {isa = PBXBuildFile; fileRef = 4C4185CD1ED91BFA00E51BEF /* main.m */; };
		4C4185D41ED91C0A00E51BEF /* CLMScoreRankViewController.m in Sources */ = {isa = PBXBuildFile; fileRef = 4C4185D11ED91C0A00E51BEF /* CLMScoreRankViewController.m */; };
		4C4185D51ED91C0A00E51BEF /* CLMMainViewController.m in Sources */ = {isa = PBXBuildFile; fileRef = 4C4185D31ED91C0A00E51BEF /* CLMMainViewController.m */; };
		4C4185DA1ED91C1600E51BEF /* CLMCardCollectionViewCell.m in Sources */ = {isa = PBXBuildFile; fileRef = 4C4185D71ED91C1600E51BEF /* CLMCardCollectionViewCell.m */; };
		4C4185DB1ED91C1600E51BEF /* CLMScoreRankTableViewCell.m in Sources */ = {isa = PBXBuildFile; fileRef = 4C4185D91ED91C1600E51BEF /* CLMScoreRankTableViewCell.m */; };
		4CB3AB9A1ED97F73000D2A23 /* Info.plist in Resources */ = {isa = PBXBuildFile; fileRef = 4CB3AB991ED97F73000D2A23 /* Info.plist */; };
/* End PBXBuildFile section */

/* Begin PBXFileReference section */
		4C01CD9F1EDA7FBE00C85D7D /* CLMNavigationController.h */ = {isa = PBXFileReference; fileEncoding = 4; lastKnownFileType = sourcecode.c.h; name = CLMNavigationController.h; path = Controllers/CLMNavigationController.h; sourceTree = "<group>"; };
		4C01CDA01EDA7FBE00C85D7D /* CLMNavigationController.m */ = {isa = PBXFileReference; fileEncoding = 4; lastKnownFileType = sourcecode.c.objc; name = CLMNavigationController.m; path = Controllers/CLMNavigationController.m; sourceTree = "<group>"; };
		4C0A34B11ED9508700C7E6A7 /* ColourMemory.xcdatamodel */ = {isa = PBXFileReference; lastKnownFileType = wrapper.xcdatamodel; path = ColourMemory.xcdatamodel; sourceTree = "<group>"; };
		4C41851D1ED8238700E51BEF /* Colour Memory.app */ = {isa = PBXFileReference; explicitFileType = wrapper.application; includeInIndex = 0; path = "Colour Memory.app"; sourceTree = BUILT_PRODUCTS_DIR; };
		4C4185231ED8238700E51BEF /* AppDelegate.h */ = {isa = PBXFileReference; lastKnownFileType = sourcecode.c.h; path = AppDelegate.h; sourceTree = "<group>"; };
		4C4185241ED8238700E51BEF /* AppDelegate.m */ = {isa = PBXFileReference; lastKnownFileType = sourcecode.c.objc; path = AppDelegate.m; sourceTree = "<group>"; };
		4C41852A1ED8238800E51BEF /* Base */ = {isa = PBXFileReference; lastKnownFileType = file.storyboard; name = Base; path = Base.lproj/Main.storyboard; sourceTree = "<group>"; };
		4C41852C1ED8238800E51BEF /* Assets.xcassets */ = {isa = PBXFileReference; lastKnownFileType = folder.assetcatalog; path = Assets.xcassets; sourceTree = "<group>"; };
		4C41852F1ED8238800E51BEF /* Base */ = {isa = PBXFileReference; lastKnownFileType = file.storyboard; name = Base; path = Base.lproj/LaunchScreen.storyboard; sourceTree = "<group>"; };
		4C4185381ED826EB00E51BEF /* card_bg@2x.png */ = {isa = PBXFileReference; lastKnownFileType = image.png; name = "card_bg@2x.png"; path = "Images/card_bg@2x.png"; sourceTree = "<group>"; };
		4C4185391ED826EB00E51BEF /* colour1@2x.png */ = {isa = PBXFileReference; lastKnownFileType = image.png; name = "colour1@2x.png"; path = "Images/colour1@2x.png"; sourceTree = "<group>"; };
		4C41853A1ED826EB00E51BEF /* colour2@2x.png */ = {isa = PBXFileReference; lastKnownFileType = image.png; name = "colour2@2x.png"; path = "Images/colour2@2x.png"; sourceTree = "<group>"; };
		4C41853B1ED826EB00E51BEF /* colour3@2x.png */ = {isa = PBXFileReference; lastKnownFileType = image.png; name = "colour3@2x.png"; path = "Images/colour3@2x.png"; sourceTree = "<group>"; };
		4C41853C1ED826EB00E51BEF /* colour4@2x.png */ = {isa = PBXFileReference; lastKnownFileType = image.png; name = "colour4@2x.png"; path = "Images/colour4@2x.png"; sourceTree = "<group>"; };
		4C41853D1ED826EB00E51BEF /* colour5@2x.png */ = {isa = PBXFileReference; lastKnownFileType = image.png; name = "colour5@2x.png"; path = "Images/colour5@2x.png"; sourceTree = "<group>"; };
		4C41853E1ED826EB00E51BEF /* colour6@2x.png */ = {isa = PBXFileReference; lastKnownFileType = image.png; name = "colour6@2x.png"; path = "Images/colour6@2x.png"; sourceTree = "<group>"; };
		4C41853F1ED826EB00E51BEF /* colour7@2x.png */ = {isa = PBXFileReference; lastKnownFileType = image.png; name = "colour7@2x.png"; path = "Images/colour7@2x.png"; sourceTree = "<group>"; };
		4C4185401ED826EB00E51BEF /* colour8@2x.png */ = {isa = PBXFileReference; lastKnownFileType = image.png; name = "colour8@2x.png"; path = "Images/colour8@2x.png"; sourceTree = "<group>"; };
		4C4185411ED826EB00E51BEF /* icon_57x57@2x.png */ = {isa = PBXFileReference; lastKnownFileType = image.png; name = "icon_57x57@2x.png"; path = "Images/icon_57x57@2x.png"; sourceTree = "<group>"; };
		4C4185431ED826EB00E51BEF /* logo@2x.png */ = {isa = PBXFileReference; lastKnownFileType = image.png; name = "logo@2x.png"; path = "Images/logo@2x.png"; sourceTree = "<group>"; };
		4C41855A1ED834CB00E51BEF /* UserEntity.h */ = {isa = PBXFileReference; fileEncoding = 4; lastKnownFileType = sourcecode.c.h; name = UserEntity.h; path = Model/UserEntity.h; sourceTree = "<group>"; };
		4C41855B1ED834CB00E51BEF /* UserEntity.m */ = {isa = PBXFileReference; fileEncoding = 4; lastKnownFileType = sourcecode.c.objc; name = UserEntity.m; path = Model/UserEntity.m; sourceTree = "<group>"; };
		4C41855D1ED84A7600E51BEF /* CardEntity.h */ = {isa = PBXFileReference; fileEncoding = 4; lastKnownFileType = sourcecode.c.h; name = CardEntity.h; path = Model/CardEntity.h; sourceTree = "<group>"; };
		4C41855E1ED84A7600E51BEF /* CardEntity.m */ = {isa = PBXFileReference; fileEncoding = 4; lastKnownFileType = sourcecode.c.objc; name = CardEntity.m; path = Model/CardEntity.m; sourceTree = "<group>"; };
		4C4185601ED8D94100E51BEF /* rank@2x.png */ = {isa = PBXFileReference; lastKnownFileType = image.png; name = "rank@2x.png"; path = "Images/rank@2x.png"; sourceTree = "<group>"; };
		4C4185611ED8D94100E51BEF /* Restart@2x.png */ = {isa = PBXFileReference; lastKnownFileType = image.png; name = "Restart@2x.png"; path = "Images/Restart@2x.png"; sourceTree = "<group>"; };
		4C4185CD1ED91BFA00E51BEF /* main.m */ = {isa = PBXFileReference; fileEncoding = 4; lastKnownFileType = sourcecode.c.objc; name = main.m; path = "Supporting Files/main.m"; sourceTree = "<group>"; };
		4C4185D01ED91C0A00E51BEF /* CLMScoreRankViewController.h */ = {isa = PBXFileReference; fileEncoding = 4; lastKnownFileType = sourcecode.c.h; name = CLMScoreRankViewController.h; path = Controllers/CLMScoreRankViewController.h; sourceTree = "<group>"; };
		4C4185D11ED91C0A00E51BEF /* CLMScoreRankViewController.m */ = {isa = PBXFileReference; fileEncoding = 4; lastKnownFileType = sourcecode.c.objc; name = CLMScoreRankViewController.m; path = Controllers/CLMScoreRankViewController.m; sourceTree = "<group>"; };
		4C4185D21ED91C0A00E51BEF /* CLMMainViewController.h */ = {isa = PBXFileReference; fileEncoding = 4; lastKnownFileType = sourcecode.c.h; name = CLMMainViewController.h; path = Controllers/CLMMainViewController.h; sourceTree = "<group>"; };
		4C4185D31ED91C0A00E51BEF /* CLMMainViewController.m */ = {isa = PBXFileReference; fileEncoding = 4; lastKnownFileType = sourcecode.c.objc; name = CLMMainViewController.m; path = Controllers/CLMMainViewController.m; sourceTree = "<group>"; };
		4C4185D61ED91C1600E51BEF /* CLMCardCollectionViewCell.h */ = {isa = PBXFileReference; fileEncoding = 4; lastKnownFileType = sourcecode.c.h; name = CLMCardCollectionViewCell.h; path = Views/CLMCardCollectionViewCell.h; sourceTree = "<group>"; };
		4C4185D71ED91C1600E51BEF /* CLMCardCollectionViewCell.m */ = {isa = PBXFileReference; fileEncoding = 4; lastKnownFileType = sourcecode.c.objc; name = CLMCardCollectionViewCell.m; path = Views/CLMCardCollectionViewCell.m; sourceTree = "<group>"; };
		4C4185D81ED91C1600E51BEF /* CLMScoreRankTableViewCell.h */ = {isa = PBXFileReference; fileEncoding = 4; lastKnownFileType = sourcecode.c.h; name = CLMScoreRankTableViewCell.h; path = Views/CLMScoreRankTableViewCell.h; sourceTree = "<group>"; };
		4C4185D91ED91C1600E51BEF /* CLMScoreRankTableViewCell.m */ = {isa = PBXFileReference; fileEncoding = 4; lastKnownFileType = sourcecode.c.objc; name = CLMScoreRankTableViewCell.m; path = Views/CLMScoreRankTableViewCell.m; sourceTree = "<group>"; };
		4CB3AB991ED97F73000D2A23 /* Info.plist */ = {isa = PBXFileReference; fileEncoding = 4; lastKnownFileType = text.plist.xml; name = Info.plist; path = "Supporting Files/Info.plist"; sourceTree = "<group>"; };
/* End PBXFileReference section */

/* Begin PBXFrameworksBuildPhase section */
		4C41851A1ED8238700E51BEF /* Frameworks */ = {
			isa = PBXFrameworksBuildPhase;
			buildActionMask = 2147483647;
			files = (
			);
			runOnlyForDeploymentPostprocessing = 0;
		};
/* End PBXFrameworksBuildPhase section */

/* Begin PBXGroup section */
		4C4185141ED8238700E51BEF = {
			isa = PBXGroup;
			children = (
				4C41851F1ED8238700E51BEF /* Colour Memory */,
				4C41851E1ED8238700E51BEF /* Products */,
			);
			sourceTree = "<group>";
		};
		4C41851E1ED8238700E51BEF /* Products */ = {
			isa = PBXGroup;
			children = (
				4C41851D1ED8238700E51BEF /* Colour Memory.app */,
			);
			name = Products;
			sourceTree = "<group>";
		};
		4C41851F1ED8238700E51BEF /* Colour Memory */ = {
			isa = PBXGroup;
			children = (
				4C4185231ED8238700E51BEF /* AppDelegate.h */,
				4C4185241ED8238700E51BEF /* AppDelegate.m */,
				4C4185291ED8238800E51BEF /* Main.storyboard */,
				4C4185C91ED91B3000E51BEF /* Controllers */,
				4C4185CB1ED91B4600E51BEF /* Views */,
				4C4185551ED8345800E51BEF /* Model */,
				4C4185CA1ED91B3C00E51BEF /* Database */,
				4C4185371ED8268900E51BEF /* Images */,
				4C4185201ED8238700E51BEF /* Supporting Files */,
			);
			path = "Colour Memory";
			sourceTree = "<group>";
		};
		4C4185201ED8238700E51BEF /* Supporting Files */ = {
			isa = PBXGroup;
			children = (
				4CB3AB991ED97F73000D2A23 /* Info.plist */,
				4C4185CD1ED91BFA00E51BEF /* main.m */,
				4C41852C1ED8238800E51BEF /* Assets.xcassets */,
				4C41852E1ED8238800E51BEF /* LaunchScreen.storyboard */,
			);
			name = "Supporting Files";
			sourceTree = "<group>";
		};
		4C4185371ED8268900E51BEF /* Images */ = {
			isa = PBXGroup;
			children = (
				4C4185601ED8D94100E51BEF /* rank@2x.png */,
				4C4185611ED8D94100E51BEF /* Restart@2x.png */,
				4C4185381ED826EB00E51BEF /* card_bg@2x.png */,
				4C4185391ED826EB00E51BEF /* colour1@2x.png */,
				4C41853A1ED826EB00E51BEF /* colour2@2x.png */,
				4C41853B1ED826EB00E51BEF /* colour3@2x.png */,
				4C41853C1ED826EB00E51BEF /* colour4@2x.png */,
				4C41853D1ED826EB00E51BEF /* colour5@2x.png */,
				4C41853E1ED826EB00E51BEF /* colour6@2x.png */,
				4C41853F1ED826EB00E51BEF /* colour7@2x.png */,
				4C4185401ED826EB00E51BEF /* colour8@2x.png */,
				4C4185411ED826EB00E51BEF /* icon_57x57@2x.png */,
				4C4185431ED826EB00E51BEF /* logo@2x.png */,
			);
			name = Images;
			sourceTree = "<group>";
		};
		4C4185551ED8345800E51BEF /* Model */ = {
			isa = PBXGroup;
			children = (
				4C41855A1ED834CB00E51BEF /* UserEntity.h */,
				4C41855B1ED834CB00E51BEF /* UserEntity.m */,
				4C41855D1ED84A7600E51BEF /* CardEntity.h */,
				4C41855E1ED84A7600E51BEF /* CardEntity.m */,
			);
			name = Model;
			sourceTree = "<group>";
		};
		4C4185C91ED91B3000E51BEF /* Controllers */ = {
			isa = PBXGroup;
			children = (
				4C4185D21ED91C0A00E51BEF /* CLMMainViewController.h */,
				4C4185D31ED91C0A00E51BEF /* CLMMainViewController.m */,
				4C4185D01ED91C0A00E51BEF /* CLMScoreRankViewController.h */,
				4C4185D11ED91C0A00E51BEF /* CLMScoreRankViewController.m */,
				4C01CD9F1EDA7FBE00C85D7D /* CLMNavigationController.h */,
				4C01CDA01EDA7FBE00C85D7D /* CLMNavigationController.m */,
			);
			name = Controllers;
			sourceTree = "<group>";
		};
		4C4185CA1ED91B3C00E51BEF /* Database */ = {
			isa = PBXGroup;
			children = (
				4C0A34B01ED9508700C7E6A7 /* ColourMemory.xcdatamodeld */,
			);
			name = Database;
			sourceTree = "<group>";
		};
		4C4185CB1ED91B4600E51BEF /* Views */ = {
			isa = PBXGroup;
			children = (
				4C4185D61ED91C1600E51BEF /* CLMCardCollectionViewCell.h */,
				4C4185D71ED91C1600E51BEF /* CLMCardCollectionViewCell.m */,
				4C4185D81ED91C1600E51BEF /* CLMScoreRankTableViewCell.h */,
				4C4185D91ED91C1600E51BEF /* CLMScoreRankTableViewCell.m */,
			);
			name = Views;
			sourceTree = "<group>";
		};
/* End PBXGroup section */

/* Begin PBXNativeTarget section */
		4C41851C1ED8238700E51BEF /* Colour Memory */ = {
			isa = PBXNativeTarget;
			buildConfigurationList = 4C4185341ED8238800E51BEF /* Build configuration list for PBXNativeTarget "Colour Memory" */;
			buildPhases = (
				4C4185191ED8238700E51BEF /* Sources */,
				4C41851A1ED8238700E51BEF /* Frameworks */,
				4C41851B1ED8238700E51BEF /* Resources */,
			);
			buildRules = (
			);
			dependencies = (
			);
			name = "Colour Memory";
			productName = "Colour Memory";
			productReference = 4C41851D1ED8238700E51BEF /* Colour Memory.app */;
			productType = "com.apple.product-type.application";
		};
/* End PBXNativeTarget section */

/* Begin PBXProject section */
		4C4185151ED8238700E51BEF /* Project object */ = {
			isa = PBXProject;
			attributes = {
				LastUpgradeCheck = 0830;
				ORGANIZATIONNAME = "Michael Zhai";
				TargetAttributes = {
					4C41851C1ED8238700E51BEF = {
						CreatedOnToolsVersion = 8.3.2;
						DevelopmentTeam = 9SJVNU62N5;
						LastSwiftMigration = 0830;
						ProvisioningStyle = Automatic;
					};
				};
			};
			buildConfigurationList = 4C4185181ED8238700E51BEF /* Build configuration list for PBXProject "Colour Memory" */;
			compatibilityVersion = "Xcode 3.2";
			developmentRegion = English;
			hasScannedForEncodings = 0;
			knownRegions = (
				en,
				Base,
			);
			mainGroup = 4C4185141ED8238700E51BEF;
			productRefGroup = 4C41851E1ED8238700E51BEF /* Products */;
			projectDirPath = "";
			projectRoot = "";
			targets = (
				4C41851C1ED8238700E51BEF /* Colour Memory */,
			);
		};
/* End PBXProject section */

/* Begin PBXResourcesBuildPhase section */
		4C41851B1ED8238700E51BEF /* Resources */ = {
			isa = PBXResourcesBuildPhase;
			buildActionMask = 2147483647;
			files = (
				4C4185471ED826EB00E51BEF /* colour3@2x.png in Resources */,
				4C4185451ED826EB00E51BEF /* colour1@2x.png in Resources */,
				4C4185301ED8238800E51BEF /* LaunchScreen.storyboard in Resources */,
				4C41854D1ED826EB00E51BEF /* icon_57x57@2x.png in Resources */,
				4C4185481ED826EB00E51BEF /* colour4@2x.png in Resources */,
				4C4185621ED8D94100E51BEF /* rank@2x.png in Resources */,
				4C4185441ED826EB00E51BEF /* card_bg@2x.png in Resources */,
				4C41854A1ED826EB00E51BEF /* colour6@2x.png in Resources */,
				4C41852D1ED8238800E51BEF /* Assets.xcassets in Resources */,
				4C41854B1ED826EB00E51BEF /* colour7@2x.png in Resources */,
				4CB3AB9A1ED97F73000D2A23 /* Info.plist in Resources */,
				4C41854F1ED826EB00E51BEF /* logo@2x.png in Resources */,
				4C41852B1ED8238800E51BEF /* Main.storyboard in Resources */,
				4C4185461ED826EB00E51BEF /* colour2@2x.png in Resources */,
				4C4185491ED826EB00E51BEF /* colour5@2x.png in Resources */,
				4C4185631ED8D94100E51BEF /* Restart@2x.png in Resources */,
				4C41854C1ED826EB00E51BEF /* colour8@2x.png in Resources */,
			);
			runOnlyForDeploymentPostprocessing = 0;
		};
/* End PBXResourcesBuildPhase section */

/* Begin PBXSourcesBuildPhase section */
		4C4185191ED8238700E51BEF /* Sources */ = {
			isa = PBXSourcesBuildPhase;
			buildActionMask = 2147483647;
			files = (
				4C4185D51ED91C0A00E51BEF /* CLMMainViewController.m in Sources */,
				4C4185D41ED91C0A00E51BEF /* CLMScoreRankViewController.m in Sources */,
				4C0A34B21ED9508700C7E6A7 /* ColourMemory.xcdatamodeld in Sources */,
				4C41855F1ED84A7600E51BEF /* CardEntity.m in Sources */,
				4C4185251ED8238700E51BEF /* AppDelegate.m in Sources */,
				4C4185CF1ED91BFA00E51BEF /* main.m in Sources */,
				4C01CDA11EDA7FBE00C85D7D /* CLMNavigationController.m in Sources */,
				4C4185DA1ED91C1600E51BEF /* CLMCardCollectionViewCell.m in Sources */,
				4C4185DB1ED91C1600E51BEF /* CLMScoreRankTableViewCell.m in Sources */,
				4C41855C1ED834CB00E51BEF /* UserEntity.m in Sources */,
			);
			runOnlyForDeploymentPostprocessing = 0;
		};
/* End PBXSourcesBuildPhase section */

/* Begin PBXVariantGroup section */
		4C4185291ED8238800E51BEF /* Main.storyboard */ = {
			isa = PBXVariantGroup;
			children = (
				4C41852A1ED8238800E51BEF /* Base */,
			);
			name = Main.storyboard;
			sourceTree = "<group>";
		};
		4C41852E1ED8238800E51BEF /* LaunchScreen.storyboard */ = {
			isa = PBXVariantGroup;
			children = (
				4C41852F1ED8238800E51BEF /* Base */,
			);
			name = LaunchScreen.storyboard;
			sourceTree = "<group>";
		};
/* End PBXVariantGroup section */

/* Begin XCBuildConfiguration section */
		4C4185321ED8238800E51BEF /* Debug */ = {
			isa = XCBuildConfiguration;
			buildSettings = {
				ALWAYS_SEARCH_USER_PATHS = NO;
				CLANG_ANALYZER_NONNULL = YES;
				CLANG_ANALYZER_NUMBER_OBJECT_CONVERSION = YES_AGGRESSIVE;
				CLANG_CXX_LANGUAGE_STANDARD = "gnu++0x";
				CLANG_CXX_LIBRARY = "libc++";
				CLANG_ENABLE_MODULES = YES;
				CLANG_ENABLE_OBJC_ARC = YES;
				CLANG_WARN_BOOL_CONVERSION = YES;
				CLANG_WARN_CONSTANT_CONVERSION = YES;
				CLANG_WARN_DIRECT_OBJC_ISA_USAGE = YES_ERROR;
				CLANG_WARN_DOCUMENTATION_COMMENTS = YES;
				CLANG_WARN_EMPTY_BODY = YES;
				CLANG_WARN_ENUM_CONVERSION = YES;
				CLANG_WARN_INFINITE_RECURSION = YES;
				CLANG_WARN_INT_CONVERSION = YES;
				CLANG_WARN_OBJC_ROOT_CLASS = YES_ERROR;
				CLANG_WARN_SUSPICIOUS_MOVE = YES;
				CLANG_WARN_UNREACHABLE_CODE = YES;
				CLANG_WARN__DUPLICATE_METHOD_MATCH = YES;
				"CODE_SIGN_IDENTITY[sdk=iphoneos*]" = "iPhone Developer";
				COPY_PHASE_STRIP = NO;
				DEBUG_INFORMATION_FORMAT = dwarf;
				ENABLE_STRICT_OBJC_MSGSEND = YES;
				ENABLE_TESTABILITY = YES;
				GCC_C_LANGUAGE_STANDARD = gnu99;
				GCC_DYNAMIC_NO_PIC = NO;
				GCC_NO_COMMON_BLOCKS = YES;
				GCC_OPTIMIZATION_LEVEL = 0;
				GCC_PREPROCESSOR_DEFINITIONS = (
					"DEBUG=1",
					"$(inherited)",
				);
				GCC_WARN_64_TO_32_BIT_CONVERSION = YES;
				GCC_WARN_ABOUT_RETURN_TYPE = YES_ERROR;
				GCC_WARN_UNDECLARED_SELECTOR = YES;
				GCC_WARN_UNINITIALIZED_AUTOS = YES_AGGRESSIVE;
				GCC_WARN_UNUSED_FUNCTION = YES;
				GCC_WARN_UNUSED_VARIABLE = YES;
				IPHONEOS_DEPLOYMENT_TARGET = 10.3;
				MTL_ENABLE_DEBUG_INFO = YES;
				ONLY_ACTIVE_ARCH = YES;
				SDKROOT = iphoneos;
				TARGETED_DEVICE_FAMILY = "1,2";
			};
			name = Debug;
		};
		4C4185331ED8238800E51BEF /* Release */ = {
			isa = XCBuildConfiguration;
			buildSettings = {
				ALWAYS_SEARCH_USER_PATHS = NO;
				CLANG_ANALYZER_NONNULL = YES;
				CLANG_ANALYZER_NUMBER_OBJECT_CONVERSION = YES_AGGRESSIVE;
				CLANG_CXX_LANGUAGE_STANDARD = "gnu++0x";
				CLANG_CXX_LIBRARY = "libc++";
				CLANG_ENABLE_MODULES = YES;
				CLANG_ENABLE_OBJC_ARC = YES;
				CLANG_WARN_BOOL_CONVERSION = YES;
				CLANG_WARN_CONSTANT_CONVERSION = YES;
				CLANG_WARN_DIRECT_OBJC_ISA_USAGE = YES_ERROR;
				CLANG_WARN_DOCUMENTATION_COMMENTS = YES;
				CLANG_WARN_EMPTY_BODY = YES;
				CLANG_WARN_ENUM_CONVERSION = YES;
				CLANG_WARN_INFINITE_RECURSION = YES;
				CLANG_WARN_INT_CONVERSION = YES;
				CLANG_WARN_OBJC_ROOT_CLASS = YES_ERROR;
				CLANG_WARN_SUSPICIOUS_MOVE = YES;
				CLANG_WARN_UNREACHABLE_CODE = YES;
				CLANG_WARN__DUPLICATE_METHOD_MATCH = YES;
				"CODE_SIGN_IDENTITY[sdk=iphoneos*]" = "iPhone Developer";
				COPY_PHASE_STRIP = NO;
				DEBUG_INFORMATION_FORMAT = "dwarf-with-dsym";
				ENABLE_NS_ASSERTIONS = NO;
				ENABLE_STRICT_OBJC_MSGSEND = YES;
				GCC_C_LANGUAGE_STANDARD = gnu99;
				GCC_NO_COMMON_BLOCKS = YES;
				GCC_WARN_64_TO_32_BIT_CONVERSION = YES;
				GCC_WARN_ABOUT_RETURN_TYPE = YES_ERROR;
				GCC_WARN_UNDECLARED_SELECTOR = YES;
				GCC_WARN_UNINITIALIZED_AUTOS = YES_AGGRESSIVE;
				GCC_WARN_UNUSED_FUNCTION = YES;
				GCC_WARN_UNUSED_VARIABLE = YES;
				IPHONEOS_DEPLOYMENT_TARGET = 10.3;
				MTL_ENABLE_DEBUG_INFO = NO;
				SDKROOT = iphoneos;
				TARGETED_DEVICE_FAMILY = "1,2";
				VALIDATE_PRODUCT = YES;
			};
			name = Release;
		};
		4C4185351ED8238800E51BEF /* Debug */ = {
			isa = XCBuildConfiguration;
			buildSettings = {
				ASSETCATALOG_COMPILER_APPICON_NAME = AppIcon;
				DEVELOPMENT_TEAM = 9SJVNU62N5;
				INFOPLIST_FILE = "$(SRCROOT)/Colour Memory/Supporting Files/Info.plist";
				IPHONEOS_DEPLOYMENT_TARGET = 9.0;
				LD_RUNPATH_SEARCH_PATHS = "$(inherited) @executable_path/Frameworks";
				PRODUCT_BUNDLE_IDENTIFIER = "zh.com.Colour-Memory";
				PRODUCT_NAME = "$(TARGET_NAME)";
				SWIFT_VERSION = 3.0;
			};
			name = Debug;
		};
		4C4185361ED8238800E51BEF /* Release */ = {
			isa = XCBuildConfiguration;
			buildSettings = {
				ASSETCATALOG_COMPILER_APPICON_NAME = AppIcon;
				DEVELOPMENT_TEAM = 9SJVNU62N5;
				INFOPLIST_FILE = "$(SRCROOT)/Colour Memory/Supporting Files/Info.plist";
				IPHONEOS_DEPLOYMENT_TARGET = 9.0;
				LD_RUNPATH_SEARCH_PATHS = "$(inherited) @executable_path/Frameworks";
				PRODUCT_BUNDLE_IDENTIFIER = "zh.com.Colour-Memory";
				PRODUCT_NAME = "$(TARGET_NAME)";
				SWIFT_VERSION = 3.0;
			};
			name = Release;
		};
/* End XCBuildConfiguration section */

/* Begin XCConfigurationList section */
		4C4185181ED8238700E51BEF /* Build configuration list for PBXProject "Colour Memory" */ = {
			isa = XCConfigurationList;
			buildConfigurations = (
				4C4185321ED8238800E51BEF /* Debug */,
				4C4185331ED8238800E51BEF /* Release */,
			);
			defaultConfigurationIsVisible = 0;
			defaultConfigurationName = Release;
		};
		4C4185341ED8238800E51BEF /* Build configuration list for PBXNativeTarget "Colour Memory" */ = {
			isa = XCConfigurationList;
			buildConfigurations = (
				4C4185351ED8238800E51BEF /* Debug */,
				4C4185361ED8238800E51BEF /* Release */,
			);
			defaultConfigurationIsVisible = 0;
			defaultConfigurationName = Release;
		};
/* End XCConfigurationList section */

/* Begin XCVersionGroup section */
		4C0A34B01ED9508700C7E6A7 /* ColourMemory.xcdatamodeld */ = {
			isa = XCVersionGroup;
			children = (
				4C0A34B11ED9508700C7E6A7 /* ColourMemory.xcdatamodel */,
			);
			currentVersion = 4C0A34B11ED9508700C7E6A7 /* ColourMemory.xcdatamodel */;
			name = ColourMemory.xcdatamodeld;
			path = Database/ColourMemory.xcdatamodeld;
			sourceTree = "<group>";
			versionGroupType = wrapper.xcdatamodel;
		};
/* End XCVersionGroup section */
	};
	rootObject = 4C4185151ED8238700E51BEF /* Project object */;
}
